Microsoft Visual Studio Solution File, Format Version 12.00
# Visual Studio Version 17
VisualStudioVersion = 17.5.2.0
MinimumVisualStudioVersion = 10.0.40219.1
Project("{2150E333-8FDC-42A3-9474-1A3956D46DE8}") = "OONV", "OONV", "{E978C569-2833-5C5B-4BAD-A1040D5E851F}"
EndProject
Project("{FAE04EC0-301F-11D3-BF4B-00C04F79EFBC}") = "FactoryMethod", "OONV\FactoryMethod\FactoryMethod.csproj", "{D4079BAD-33A8-6A69-0620-B498509ACCE1}"
EndProject
Global
	GlobalSection(SolutionConfigurationPlatforms) = preSolution
		Debug|Any CPU = Debug|Any CPU
		Release|Any CPU = Release|Any CPU
	EndGlobalSection
	GlobalSection(ProjectConfigurationPlatforms) = postSolution
		{D4079BAD-33A8-6A69-0620-B498509ACCE1}.Debug|Any CPU.ActiveCfg = Debug|Any CPU
		{D4079BAD-33A8-6A69-0620-B498509ACCE1}.Debug|Any CPU.Build.0 = Debug|Any CPU
		{D4079BAD-33A8-6A69-0620-B498509ACCE1}.Release|Any CPU.ActiveCfg = Release|Any CPU
		{D4079BAD-33A8-6A69-0620-B498509ACCE1}.Release|Any CPU.Build.0 = Release|Any CPU
	EndGlobalSection
	GlobalSection(SolutionProperties) = preSolution
		HideSolutionNode = FALSE
	EndGlobalSection
	GlobalSection(NestedProjects) = preSolution
		{D4079BAD-33A8-6A69-0620-B498509ACCE1} = {E978C569-2833-5C5B-4BAD-A1040D5E851F}
	EndGlobalSection
	GlobalSection(ExtensibilityGlobals) = postSolution
		SolutionGuid = {0701E831-1492-4C28-8894-B60872C8B3AE}
	EndGlobalSection
EndGlobal
