Microsoft Visual Studio Solution File, Format Version 12.00
# Visual Studio Version 17
VisualStudioVersion = 17.5.2.0
MinimumVisualStudioVersion = 10.0.40219.1
Project("{FAE04EC0-301F-11D3-BF4B-00C04F79EFBC}") = "FlyweightMethod", "FlyweightMethod.csproj", "{0163B98C-8776-E6A1-732E-6E35AF456952}"
EndProject
Global
	GlobalSection(SolutionConfigurationPlatforms) = preSolution
		Debug|Any CPU = Debug|Any CPU
		Release|Any CPU = Release|Any CPU
	EndGlobalSection
	GlobalSection(ProjectConfigurationPlatforms) = postSolution
		{0163B98C-8776-E6A1-732E-6E35AF456952}.Debug|Any CPU.ActiveCfg = Debug|Any CPU
		{0163B98C-8776-E6A1-732E-6E35AF456952}.Debug|Any CPU.Build.0 = Debug|Any CPU
		{0163B98C-8776-E6A1-732E-6E35AF456952}.Release|Any CPU.ActiveCfg = Release|Any CPU
		{0163B98C-8776-E6A1-732E-6E35AF456952}.Release|Any CPU.Build.0 = Release|Any CPU
	EndGlobalSection
	GlobalSection(SolutionProperties) = preSolution
		HideSolutionNode = FALSE
	EndGlobalSection
	GlobalSection(ExtensibilityGlobals) = postSolution
		SolutionGuid = {23247D76-F886-4C67-A2EA-167F2A72E5EA}
	EndGlobalSection
EndGlobal
