Microsoft Visual Studio Solution File, Format Version 12.00
# Visual Studio Version 17
VisualStudioVersion = 17.5.2.0
MinimumVisualStudioVersion = 10.0.40219.1
Project("{FAE04EC0-301F-11D3-BF4B-00C04F79EFBC}") = "CompositeMethod", "CompositeMethod.csproj", "{F05A3940-FBCC-FC3B-EE91-B2DC6056FFAA}"
EndProject
Global
	GlobalSection(SolutionConfigurationPlatforms) = preSolution
		Debug|Any CPU = Debug|Any CPU
		Release|Any CPU = Release|Any CPU
	EndGlobalSection
	GlobalSection(ProjectConfigurationPlatforms) = postSolution
		{F05A3940-FBCC-FC3B-EE91-B2DC6056FFAA}.Debug|Any CPU.ActiveCfg = Debug|Any CPU
		{F05A3940-FBCC-FC3B-EE91-B2DC6056FFAA}.Debug|Any CPU.Build.0 = Debug|Any CPU
		{F05A3940-FBCC-FC3B-EE91-B2DC6056FFAA}.Release|Any CPU.ActiveCfg = Release|Any CPU
		{F05A3940-FBCC-FC3B-EE91-B2DC6056FFAA}.Release|Any CPU.Build.0 = Release|Any CPU
	EndGlobalSection
	GlobalSection(SolutionProperties) = preSolution
		HideSolutionNode = FALSE
	EndGlobalSection
	GlobalSection(ExtensibilityGlobals) = postSolution
		SolutionGuid = {2B8D3E14-471C-4A09-9EF5-9AB476154A81}
	EndGlobalSection
EndGlobal
