Microsoft Visual Studio Solution File, Format Version 12.00
# Visual Studio Version 17
VisualStudioVersion = 17.5.2.0
MinimumVisualStudioVersion = 10.0.40219.1
Project("{FAE04EC0-301F-11D3-BF4B-00C04F79EFBC}") = "DecoratorMethod", "DecoratorMethod.csproj", "{ABCEC080-ABDD-3D34-B046-2E480BBB4A8C}"
EndProject
Global
	GlobalSection(SolutionConfigurationPlatforms) = preSolution
		Debug|Any CPU = Debug|Any CPU
		Release|Any CPU = Release|Any CPU
	EndGlobalSection
	GlobalSection(ProjectConfigurationPlatforms) = postSolution
		{ABCEC080-ABDD-3D34-B046-2E480BBB4A8C}.Debug|Any CPU.ActiveCfg = Debug|Any CPU
		{ABCEC080-ABDD-3D34-B046-2E480BBB4A8C}.Debug|Any CPU.Build.0 = Debug|Any CPU
		{ABCEC080-ABDD-3D34-B046-2E480BBB4A8C}.Release|Any CPU.ActiveCfg = Release|Any CPU
		{ABCEC080-ABDD-3D34-B046-2E480BBB4A8C}.Release|Any CPU.Build.0 = Release|Any CPU
	EndGlobalSection
	GlobalSection(SolutionProperties) = preSolution
		HideSolutionNode = FALSE
	EndGlobalSection
	GlobalSection(ExtensibilityGlobals) = postSolution
		SolutionGuid = {8A4C5084-E815-4037-982D-03ACDDCF5FDE}
	EndGlobalSection
EndGlobal
